# This file was autogenerated by Stack.
# You should not edit this file by hand.
# For more information, please see the documentation at:
#   https://docs.haskellstack.org/en/stable/lock_files

packages:
- completed:
    commit: cccbf4e248e8a25d9a99816366bed2d65d789e57
    git: https://github.com/DCMLab/haskell-musicology.git
    name: musicology-pitch
    pantry-tree:
      sha256: 109cc0f3af7bbaf0344ceaede3e141294022897d19001dc41ead09dfc9f365e4
      size: 802
    subdir: musicology-pitch
    version: 0.1.0.0
  original:
    commit: cccbf4e248e8a25d9a99816366bed2d65d789e57
    git: https://github.com/DCMLab/haskell-musicology.git
    subdir: musicology-pitch
- completed:
    commit: cccbf4e248e8a25d9a99816366bed2d65d789e57
    git: https://github.com/DCMLab/haskell-musicology.git
    name: musicology-time
    pantry-tree:
      sha256: 9e5375b1a8d103420ad4ae9e5b8b30f59eb13e702d77b9c2293ea4e119a493ec
      size: 280
    subdir: musicology-time
    version: 0.1.0.0
  original:
    commit: cccbf4e248e8a25d9a99816366bed2d65d789e57
    git: https://github.com/DCMLab/haskell-musicology.git
    subdir: musicology-time
- completed:
    commit: cccbf4e248e8a25d9a99816366bed2d65d789e57
    git: https://github.com/DCMLab/haskell-musicology.git
    name: musicology-core
    pantry-tree:
      sha256: 3d41392d24c2a823f0bb4e6c5a8355ea455da3e6ebd18ec97be5f3c0e06c8e7b
      size: 397
    subdir: musicology-core
    version: 0.1.0.0
  original:
    commit: cccbf4e248e8a25d9a99816366bed2d65d789e57
    git: https://github.com/DCMLab/haskell-musicology.git
    subdir: musicology-core
- completed:
    commit: cccbf4e248e8a25d9a99816366bed2d65d789e57
    git: https://github.com/DCMLab/haskell-musicology.git
    name: musicology-musicxml
    pantry-tree:
      sha256: 54384e811c5434f8559f889ec185ee4737072c3610862b3c550a8e86218fb261
      size: 592
    subdir: musicology-musicxml
    version: 0.1.0.0
  original:
    commit: cccbf4e248e8a25d9a99816366bed2d65d789e57
    git: https://github.com/DCMLab/haskell-musicology.git
    subdir: musicology-musicxml
- completed:
    commit: f2f48f7942605722494b2cd58be573b85dadc106
    git: https://github.com/DCMLab/conjugate-haskell-programs.git
    name: conjugate-programs
    pantry-tree:
      sha256: 5a2aaa76bda899c2cb47859f926a6ecc1ef80bd4ea109d4bbadadf58a91a2d40
      size: 985
    version: 0.1.0.0
  original:
    commit: f2f48f7942605722494b2cd58be573b85dadc106
    git: https://github.com/DCMLab/conjugate-haskell-programs.git
- completed:
    hackage: Frames-0.7.3@sha256:35ad00d5a8897bb0fd01b204b0d51729a35a0b2138f61ecaeee8f1791b0ce4a4,9011
    pantry-tree:
      sha256: 07598c4781048590d07d312606821fcd43ce7774764c7ca8dea9ac15fc387d7d
      size: 4069
  original:
    hackage: Frames-0.7.3@sha256:35ad00d5a8897bb0fd01b204b0d51729a35a0b2138f61ecaeee8f1791b0ce4a4,9011
- completed:
    hackage: readable-0.3.1@sha256:ea550740bbee9ae46c6bbf1c5e5185818a1d37509b855c640b0a7f2dfba6dc37,1121
    pantry-tree:
      sha256: a93d2c4e208cf064a8b1e8087d7a8ea77c263115e7ba18f3ef6abe935548faca
      size: 313
  original:
    hackage: readable-0.3.1@sha256:ea550740bbee9ae46c6bbf1c5e5185818a1d37509b855c640b0a7f2dfba6dc37,1121
snapshots:
- completed:
    sha256: a2cbcd2f37010a64c4ef74c21fd7e55982a07b49840d2bed306f9bac9981a9c3
    size: 648420
    url: https://raw.githubusercontent.com/commercialhaskell/stackage-snapshots/master/lts/20/0.yaml
  original: lts-20.0
